
Microsoft Visual Studio Solution File, Format Version 12.00
# Visual Studio Version 16
VisualStudioVersion = 25.0.1704.0
MinimumVisualStudioVersion = 10.0.40219.1
Project("{FAE04EC0-301F-11D3-BF4B-00C04F79EFBC}") = "Internship-3-OOP-Calendar", "Internship-3-OOP-Calendar\Internship-3-OOP-Calendar.csproj", "{2C2B92F4-8909-4475-9793-7CAB5CE11B6F}"
EndProject
Global
	GlobalSection(SolutionConfigurationPlatforms) = preSolution
		Debug|Any CPU = Debug|Any CPU
		Release|Any CPU = Release|Any CPU
	EndGlobalSection
	GlobalSection(ProjectConfigurationPlatforms) = postSolution
		{2C2B92F4-8909-4475-9793-7CAB5CE11B6F}.Debug|Any CPU.ActiveCfg = Debug|Any CPU
		{2C2B92F4-8909-4475-9793-7CAB5CE11B6F}.Debug|Any CPU.Build.0 = Debug|Any CPU
		{2C2B92F4-8909-4475-9793-7CAB5CE11B6F}.Release|Any CPU.ActiveCfg = Release|Any CPU
		{2C2B92F4-8909-4475-9793-7CAB5CE11B6F}.Release|Any CPU.Build.0 = Release|Any CPU
	EndGlobalSection
	GlobalSection(SolutionProperties) = preSolution
		HideSolutionNode = FALSE
	EndGlobalSection
	GlobalSection(ExtensibilityGlobals) = postSolution
		SolutionGuid = {1FF92156-C70C-4D55-A660-261D4ED4E551}
	EndGlobalSection
EndGlobal
